// !$*UTF8*$!
{archiveVersion = 1; classes = {}; objectVersion = 56; objects = {
A1AE7AFA7129BD76490BADB9 = {isa = PBXFileReference; lastKnownFileType = sourcecode.swift; path = "NativeMarket.swift"; sourceTree = "<group>";};
3CBEF4F2E046CA5A9D50CE29 = {isa = PBXBuildFile; fileRef = A1AE7AFA7129BD76490BADB9;};
A8CD9B481F57CA07D94EC4A8 = {isa = PBXFileReference; lastKnownFileType = sourcecode.swift; path = "NativeResources.swift"; sourceTree = "<group>";};
A71F47C8E418032EC9DAE989 = {isa = PBXBuildFile; fileRef = A8CD9B481F57CA07D94EC4A8;};
2D3AE7F5A00A06F926AA65BE = {isa = PBXFileReference; lastKnownFileType = text.json; path = "NativeCatalog.json"; sourceTree = "<group>";};
07E5DD8EE70855DA619F89FA = {isa = PBXBuildFile; fileRef = 2D3AE7F5A00A06F926AA65BE;};
23C72208BA807FD7BC28B790 = {isa = PBXFileReference; lastKnownFileType = sourcecode.swift; path = "NativeManagement.swift"; sourceTree = "<group>";};
049B0E1150BA2E1091590163 = {isa = PBXBuildFile; fileRef = 23C72208BA807FD7BC28B790;};
F7ED96D8FA3F81AC77177B6D = {isa = PBXFileReference; lastKnownFileType = sourcecode.swift; path = "NativePages.swift"; sourceTree = "<group>";};
81C358192A34EE8990C04F01 = {isa = PBXBuildFile; fileRef = F7ED96D8FA3F81AC77177B6D;};
071FC3754B990F3F92FED051 = {isa = PBXFileReference; lastKnownFileType = sourcecode.swift; path = "NativeCore.swift"; sourceTree = "<group>";};
35DA4344BAA4752741FBDB99 = {isa = PBXBuildFile; fileRef = 071FC3754B990F3F92FED051;};
E81F801ADA0B437D91728A83 = {isa = PBXFileReference; lastKnownFileType = text.xml; path = PrivacyInfo.xcprivacy; sourceTree = "<group>";};
E81F801ADA0B437D91728A84 = {isa = PBXBuildFile; fileRef = E81F801ADA0B437D91728A83;};
27A8B8D2C0390B078E8574D9 = {isa = PBXFileReference; lastKnownFileType = sourcecode.swift; path = "QRScanner.swift"; sourceTree = "<group>";};
A9F8430EB906CCD1C7DFCE82 = {isa = PBXBuildFile; fileRef = 27A8B8D2C0390B078E8574D9;};
B585E551E1832DB95EEF4ACC = {isa = PBXFileReference; lastKnownFileType = sourcecode.swift; path = "PairingView.swift"; sourceTree = "<group>";};
A92E109311478263CC5EA5E4 = {isa = PBXBuildFile; fileRef = B585E551E1832DB95EEF4ACC;};
BE16E3AD1437212ECF75546C = {isa = PBXFileReference; lastKnownFileType = sourcecode.swift; path = "Pairing.swift"; sourceTree = "<group>";};
44C878CAF4153C18E9BD5988 = {isa = PBXBuildFile; fileRef = BE16E3AD1437212ECF75546C;};
661D9556DF03AAF6C506DE37 = {isa = PBXFileReference; lastKnownFileType = sourcecode.swift; path = "Models.swift"; sourceTree = "<group>";};
EA0F475EA36E84761D3278A0 = {isa = PBXFileReference; lastKnownFileType = sourcecode.swift; path = "APIClient.swift"; sourceTree = "<group>";};
EA828DE22E561074F6F7ECE1 = {isa = PBXFileReference; lastKnownFileType = sourcecode.swift; path = "CredentialStore.swift"; sourceTree = "<group>";};
892A0B867BAF5CAD366AA49A = {isa = PBXFileReference; lastKnownFileType = sourcecode.swift; path = "AppStore.swift"; sourceTree = "<group>";};
26A786F43CC8AAF295965E2A = {isa = PBXFileReference; lastKnownFileType = sourcecode.swift; path = "OVHPocketApp.swift"; sourceTree = "<group>";};
CA25ACC8C244B8BBE017F75B = {isa = PBXFileReference; lastKnownFileType = sourcecode.swift; path = "Screens.swift"; sourceTree = "<group>";};
628700E60A9DF808F2EE7E70 = {isa = PBXFileReference; lastKnownFileType = folder.assetcatalog; path = Assets.xcassets; sourceTree = "<group>";};
289A75562F6796DBA5317FB9 = {isa = PBXFileReference; lastKnownFileType = text; path = LICENSE.txt; sourceTree = "<group>";};
2ACADE85F37A01127A354F2A = {isa = PBXFileReference; lastKnownFileType = text.plist.xml; path = Info.plist; sourceTree = "<group>";};
0A01F166ADFC694C19986454 = {isa = PBXFileReference; explicitFileType = wrapper.application; includeInIndex = 0; path = OVHPocket.app; sourceTree = BUILT_PRODUCTS_DIR;};
39F199C0535B306D5DAD7EEC = {isa = PBXFileReference; explicitFileType = wrapper.cfbundle; includeInIndex = 0; path = OVHPocketTests.xctest; sourceTree = BUILT_PRODUCTS_DIR;};
52F71B4E1096D999D200771B = {isa = PBXFileReference; explicitFileType = wrapper.cfbundle; includeInIndex = 0; path = OVHPocketUITests.xctest; sourceTree = BUILT_PRODUCTS_DIR;};
D1B1E93CC8825EE71A6BC9AF = {isa = PBXBuildFile; fileRef = 661D9556DF03AAF6C506DE37;};
2285DE515D9B37F38019859A = {isa = PBXBuildFile; fileRef = EA0F475EA36E84761D3278A0;};
FAE8E7EFA88BC426238919AF = {isa = PBXBuildFile; fileRef = EA828DE22E561074F6F7ECE1;};
D07F7D91F5AA024E62DA5A33 = {isa = PBXBuildFile; fileRef = 892A0B867BAF5CAD366AA49A;};
352633EB90F59564A3A66C68 = {isa = PBXBuildFile; fileRef = 26A786F43CC8AAF295965E2A;};
FCC2637746B4391075159B19 = {isa = PBXBuildFile; fileRef = CA25ACC8C244B8BBE017F75B;};
F0C3048B9C4C204F3473B058 = {isa = PBXBuildFile; fileRef = 628700E60A9DF808F2EE7E70;};
37AC12A49E3EEC598964D532 = {isa = PBXBuildFile; fileRef = 289A75562F6796DBA5317FB9;};
3A2A88DEEFF3D1D23E496597 = {isa = PBXGroup; children = (A1AE7AFA7129BD76490BADB9, A8CD9B481F57CA07D94EC4A8, 2D3AE7F5A00A06F926AA65BE, 23C72208BA807FD7BC28B790, F7ED96D8FA3F81AC77177B6D, 071FC3754B990F3F92FED051, E81F801ADA0B437D91728A83,27A8B8D2C0390B078E8574D9,B585E551E1832DB95EEF4ACC,BE16E3AD1437212ECF75546C,661D9556DF03AAF6C506DE37,EA0F475EA36E84761D3278A0,EA828DE22E561074F6F7ECE1,892A0B867BAF5CAD366AA49A,26A786F43CC8AAF295965E2A,CA25ACC8C244B8BBE017F75B,628700E60A9DF808F2EE7E70,289A75562F6796DBA5317FB9,2ACADE85F37A01127A354F2A); path = OVHPocket; sourceTree = "<group>";};
AB8C267E3D5F075E3949C8C0 = {isa = PBXFileReference; lastKnownFileType = sourcecode.swift; path = OVHPocketTests.swift; sourceTree = "<group>";};
4FA751BBD0D750BF5EF584D0 = {isa = PBXGroup; children = (AB8C267E3D5F075E3949C8C0); path = OVHPocketTests; sourceTree = "<group>";};
22C5D0286AB3F021AF3009C5 = {isa = PBXFileReference; lastKnownFileType = sourcecode.swift; path = OVHPocketUITests.swift; sourceTree = "<group>";};
C51053631D4BE58FB70CB7C7 = {isa = PBXGroup; children = (22C5D0286AB3F021AF3009C5); path = OVHPocketUITests; sourceTree = "<group>";};
BFE00B156DCFC34C4751A6E5 = {isa = PBXGroup; children = (0A01F166ADFC694C19986454,39F199C0535B306D5DAD7EEC,52F71B4E1096D999D200771B); name = Products; sourceTree = "<group>";};
EDA6D6223944636B9C5B54AA = {isa = PBXGroup; children = (3A2A88DEEFF3D1D23E496597,4FA751BBD0D750BF5EF584D0,C51053631D4BE58FB70CB7C7,BFE00B156DCFC34C4751A6E5); sourceTree = "<group>";};
ED8772ADEC3A6C25161BC957 = {isa = XCBuildConfiguration; buildSettings = {CLANG_ENABLE_MODULES = YES; SDKROOT = iphoneos; IPHONEOS_DEPLOYMENT_TARGET = 17.0; SWIFT_VERSION = 5.0; SWIFT_OPTIMIZATION_LEVEL = "-Onone"; DEBUG_INFORMATION_FORMAT = dwarf; SWIFT_ACTIVE_COMPILATION_CONDITIONS = DEBUG; ENABLE_TESTABILITY = YES; ONLY_ACTIVE_ARCH = YES;}; name = Debug;};
00F209874A1F7309F6DCEAA7 = {isa = XCBuildConfiguration; buildSettings = {CLANG_ENABLE_MODULES = YES; SDKROOT = iphoneos; IPHONEOS_DEPLOYMENT_TARGET = 17.0; SWIFT_VERSION = 5.0; SWIFT_OPTIMIZATION_LEVEL = "-O"; DEBUG_INFORMATION_FORMAT = "dwarf-with-dsym";}; name = Release;};
27F4EB57710092A1BF452555 = {isa = XCConfigurationList; buildConfigurations = (ED8772ADEC3A6C25161BC957,00F209874A1F7309F6DCEAA7); defaultConfigurationIsVisible = 0; defaultConfigurationName = Release;};
D70DB3D6E3E0C08F34572E33 = {isa = PBXSourcesBuildPhase; buildActionMask = 2147483647; files = (3CBEF4F2E046CA5A9D50CE29, A71F47C8E418032EC9DAE989, 049B0E1150BA2E1091590163, 81C358192A34EE8990C04F01, 35DA4344BAA4752741FBDB99, A9F8430EB906CCD1C7DFCE82,A92E109311478263CC5EA5E4,44C878CAF4153C18E9BD5988,D1B1E93CC8825EE71A6BC9AF,2285DE515D9B37F38019859A,FAE8E7EFA88BC426238919AF,D07F7D91F5AA024E62DA5A33,352633EB90F59564A3A66C68,FCC2637746B4391075159B19); runOnlyForDeploymentPostprocessing = 0;};
6210ABBEF3BA368A42D5132F = {isa = PBXFrameworksBuildPhase; buildActionMask = 2147483647; files = (); runOnlyForDeploymentPostprocessing = 0;};
5BBD2E13D2F1D8A01E24E1C9 = {isa = PBXResourcesBuildPhase; buildActionMask = 2147483647; files = (07E5DD8EE70855DA619F89FA, E81F801ADA0B437D91728A84,F0C3048B9C4C204F3473B058,37AC12A49E3EEC598964D532); runOnlyForDeploymentPostprocessing = 0;};
DBFB61591F68977DEB9C2755 = {isa = XCBuildConfiguration; buildSettings = {PRODUCT_NAME = "$(TARGET_NAME)"; SWIFT_VERSION = 5.0; TARGETED_DEVICE_FAMILY = "1,2"; CODE_SIGN_STYLE = Automatic; DEVELOPMENT_TEAM = 4MGNRHR56T; PRODUCT_BUNDLE_IDENTIFIER = com.hejingcheng.ovhpocket; INFOPLIST_FILE = OVHPocket/Info.plist; ASSETCATALOG_COMPILER_APPICON_NAME = AppIcon; ENABLE_PREVIEWS = YES; LD_RUNPATH_SEARCH_PATHS = "$(inherited) @executable_path/Frameworks";}; name = Debug;};
3F188BADDDD0100FF6E15F60 = {isa = XCBuildConfiguration; buildSettings = {PRODUCT_NAME = "$(TARGET_NAME)"; SWIFT_VERSION = 5.0; TARGETED_DEVICE_FAMILY = "1,2"; CODE_SIGN_STYLE = Automatic; DEVELOPMENT_TEAM = 4MGNRHR56T; PRODUCT_BUNDLE_IDENTIFIER = com.hejingcheng.ovhpocket; INFOPLIST_FILE = OVHPocket/Info.plist; ASSETCATALOG_COMPILER_APPICON_NAME = AppIcon; ENABLE_PREVIEWS = YES; LD_RUNPATH_SEARCH_PATHS = "$(inherited) @executable_path/Frameworks";}; name = Release;};
2004012D333EF303867C675E = {isa = XCConfigurationList; buildConfigurations = (DBFB61591F68977DEB9C2755,3F188BADDDD0100FF6E15F60); defaultConfigurationIsVisible = 0; defaultConfigurationName = Release;};
BC6E1A8D39C97A857CC0208A = {isa = PBXNativeTarget; buildConfigurationList = 2004012D333EF303867C675E; buildPhases = (D70DB3D6E3E0C08F34572E33,6210ABBEF3BA368A42D5132F,5BBD2E13D2F1D8A01E24E1C9); buildRules = (); dependencies = (); name = OVHPocket; productName = OVHPocket; productReference = 0A01F166ADFC694C19986454; productType = "com.apple.product-type.application";};
83393F6E8F657DDC7474EC3F = {isa = PBXBuildFile; fileRef = AB8C267E3D5F075E3949C8C0;};
397113E86F14839016E1478D = {isa = PBXSourcesBuildPhase; buildActionMask = 2147483647; files = (83393F6E8F657DDC7474EC3F); runOnlyForDeploymentPostprocessing = 0;};
C0FD16C78D9288E112359DCA = {isa = PBXFrameworksBuildPhase; buildActionMask = 2147483647; files = (); runOnlyForDeploymentPostprocessing = 0;};
A5182AD2CF66F63AA0462568 = {isa = PBXResourcesBuildPhase; buildActionMask = 2147483647; files = (); runOnlyForDeploymentPostprocessing = 0;};
F691F23ABB3E3377AD05911B = {isa = XCBuildConfiguration; buildSettings = {PRODUCT_NAME = "$(TARGET_NAME)"; SWIFT_VERSION = 5.0; TARGETED_DEVICE_FAMILY = "1,2"; CODE_SIGN_STYLE = Automatic; DEVELOPMENT_TEAM = 4MGNRHR56T; PRODUCT_BUNDLE_IDENTIFIER = com.hejingcheng.ovhpockettests; GENERATE_INFOPLIST_FILE = YES; LD_RUNPATH_SEARCH_PATHS = "$(inherited) @executable_path/Frameworks @loader_path/Frameworks"; TEST_HOST = "$(BUILT_PRODUCTS_DIR)/OVHPocket.app/$(BUNDLE_EXECUTABLE_FOLDER_PATH)/OVHPocket"; BUNDLE_LOADER = "$(TEST_HOST)";}; name = Debug;};
8584098091082A2625DF60F0 = {isa = XCBuildConfiguration; buildSettings = {PRODUCT_NAME = "$(TARGET_NAME)"; SWIFT_VERSION = 5.0; TARGETED_DEVICE_FAMILY = "1,2"; CODE_SIGN_STYLE = Automatic; DEVELOPMENT_TEAM = 4MGNRHR56T; PRODUCT_BUNDLE_IDENTIFIER = com.hejingcheng.ovhpockettests; GENERATE_INFOPLIST_FILE = YES; LD_RUNPATH_SEARCH_PATHS = "$(inherited) @executable_path/Frameworks @loader_path/Frameworks"; TEST_HOST = "$(BUILT_PRODUCTS_DIR)/OVHPocket.app/$(BUNDLE_EXECUTABLE_FOLDER_PATH)/OVHPocket"; BUNDLE_LOADER = "$(TEST_HOST)";}; name = Release;};
DC977812B88E0EF7ACD067A9 = {isa = XCConfigurationList; buildConfigurations = (F691F23ABB3E3377AD05911B,8584098091082A2625DF60F0); defaultConfigurationIsVisible = 0; defaultConfigurationName = Release;};
1CB88BFAFBAC1006CFC5136A = {isa = PBXContainerItemProxy; containerPortal = 98F54143AB4E86B28C3AFEE0; proxyType = 1; remoteGlobalIDString = BC6E1A8D39C97A857CC0208A; remoteInfo = OVHPocket;};
574FB340E2A8FB1C21A4D93E = {isa = PBXTargetDependency; target = BC6E1A8D39C97A857CC0208A; targetProxy = 1CB88BFAFBAC1006CFC5136A;};
4B2A3A34F6751B91F0E88823 = {isa = PBXNativeTarget; buildConfigurationList = DC977812B88E0EF7ACD067A9; buildPhases = (397113E86F14839016E1478D,C0FD16C78D9288E112359DCA,A5182AD2CF66F63AA0462568); buildRules = (); dependencies = (574FB340E2A8FB1C21A4D93E); name = OVHPocketTests; productName = OVHPocketTests; productReference = 39F199C0535B306D5DAD7EEC; productType = "com.apple.product-type.bundle.unit-test";};
AA4F7261B1A6C6E29AF0AC43 = {isa = PBXBuildFile; fileRef = 22C5D0286AB3F021AF3009C5;};
66040BAEDB95D14CDB1BB4E4 = {isa = PBXSourcesBuildPhase; buildActionMask = 2147483647; files = (AA4F7261B1A6C6E29AF0AC43); runOnlyForDeploymentPostprocessing = 0;};
9525131C6536949F0253F68A = {isa = PBXFrameworksBuildPhase; buildActionMask = 2147483647; files = (); runOnlyForDeploymentPostprocessing = 0;};
1FCE8875B5D65E8AAD1D4F0D = {isa = PBXResourcesBuildPhase; buildActionMask = 2147483647; files = (); runOnlyForDeploymentPostprocessing = 0;};
2DB07BB349E3D91206D2F092 = {isa = XCBuildConfiguration; buildSettings = {PRODUCT_NAME = "$(TARGET_NAME)"; SWIFT_VERSION = 5.0; TARGETED_DEVICE_FAMILY = "1,2"; CODE_SIGN_STYLE = Automatic; DEVELOPMENT_TEAM = 4MGNRHR56T; PRODUCT_BUNDLE_IDENTIFIER = com.hejingcheng.ovhpocketuitests; GENERATE_INFOPLIST_FILE = YES; LD_RUNPATH_SEARCH_PATHS = "$(inherited) @executable_path/Frameworks @loader_path/Frameworks"; TEST_TARGET_NAME = OVHPocket;}; name = Debug;};
3577D63E74F3B363A2545F2B = {isa = XCBuildConfiguration; buildSettings = {PRODUCT_NAME = "$(TARGET_NAME)"; SWIFT_VERSION = 5.0; TARGETED_DEVICE_FAMILY = "1,2"; CODE_SIGN_STYLE = Automatic; DEVELOPMENT_TEAM = 4MGNRHR56T; PRODUCT_BUNDLE_IDENTIFIER = com.hejingcheng.ovhpocketuitests; GENERATE_INFOPLIST_FILE = YES; LD_RUNPATH_SEARCH_PATHS = "$(inherited) @executable_path/Frameworks @loader_path/Frameworks"; TEST_TARGET_NAME = OVHPocket;}; name = Release;};
09235CDCB46F0D4781943DFC = {isa = XCConfigurationList; buildConfigurations = (2DB07BB349E3D91206D2F092,3577D63E74F3B363A2545F2B); defaultConfigurationIsVisible = 0; defaultConfigurationName = Release;};
777FC88F63EB5A81A73D7855 = {isa = PBXContainerItemProxy; containerPortal = 98F54143AB4E86B28C3AFEE0; proxyType = 1; remoteGlobalIDString = BC6E1A8D39C97A857CC0208A; remoteInfo = OVHPocket;};
B2C3AFCEB039B4AB0F13FA08 = {isa = PBXTargetDependency; target = BC6E1A8D39C97A857CC0208A; targetProxy = 777FC88F63EB5A81A73D7855;};
D47874CA9E690AC9AB1F3E46 = {isa = PBXNativeTarget; buildConfigurationList = 09235CDCB46F0D4781943DFC; buildPhases = (66040BAEDB95D14CDB1BB4E4,9525131C6536949F0253F68A,1FCE8875B5D65E8AAD1D4F0D); buildRules = (); dependencies = (B2C3AFCEB039B4AB0F13FA08); name = OVHPocketUITests; productName = OVHPocketUITests; productReference = 52F71B4E1096D999D200771B; productType = "com.apple.product-type.bundle.ui-testing";};
98F54143AB4E86B28C3AFEE0 = {isa = PBXProject; attributes = {LastUpgradeCheck = 2600; BuildIndependentTargetsInParallel = YES; }; buildConfigurationList = 27F4EB57710092A1BF452555; compatibilityVersion = "Xcode 14.0"; developmentRegion = zh-Hans; hasScannedForEncodings = 0; knownRegions = ("zh-Hans",en,Base); mainGroup = EDA6D6223944636B9C5B54AA; productRefGroup = BFE00B156DCFC34C4751A6E5; projectDirPath = ""; projectRoot = ""; targets = (BC6E1A8D39C97A857CC0208A,4B2A3A34F6751B91F0E88823,D47874CA9E690AC9AB1F3E46);};
}; rootObject = 98F54143AB4E86B28C3AFEE0; }
